
Microsoft Visual Studio Solution File, Format Version 12.00
# Visual Studio Version 17
VisualStudioVersion = 17.5.33516.290
MinimumVisualStudioVersion = 10.0.40219.1
Project("{FAE04EC0-301F-11D3-BF4B-00C04F79EFBC}") = "ClientSocket", "ClientSocket\ClientSocket.csproj", "{BCD8F1CD-08E4-422E-B89B-296B522D4422}"
EndProject
Global
	GlobalSection(SolutionConfigurationPlatforms) = preSolution
		Debug|Any CPU = Debug|Any CPU
		Release|Any CPU = Release|Any CPU
	EndGlobalSection
	GlobalSection(ProjectConfigurationPlatforms) = postSolution
		{BCD8F1CD-08E4-422E-B89B-296B522D4422}.Debug|Any CPU.ActiveCfg = Debug|Any CPU
		{BCD8F1CD-08E4-422E-B89B-296B522D4422}.Debug|Any CPU.Build.0 = Debug|Any CPU
		{BCD8F1CD-08E4-422E-B89B-296B522D4422}.Release|Any CPU.ActiveCfg = Release|Any CPU
		{BCD8F1CD-08E4-422E-B89B-296B522D4422}.Release|Any CPU.Build.0 = Release|Any CPU
	EndGlobalSection
	GlobalSection(SolutionProperties) = preSolution
		HideSolutionNode = FALSE
	EndGlobalSection
	GlobalSection(ExtensibilityGlobals) = postSolution
		SolutionGuid = {77356CC5-C050-491E-915C-AD1703B98D36}
	EndGlobalSection
EndGlobal
